
Microsoft Visual Studio Solution File, Format Version 12.00
# Visual Studio 15
Project("{FAE04EC0-301F-11D3-BF4B-00C04F79EFBC}") = "Assembly-CSharp", "Assembly-CSharp.csproj", "{08EC9E6E-6821-1251-0C13-82838C49A13C}"
EndProject
Global
	GlobalSection(SolutionConfigurationPlatforms) = preSolution
		Debug|Any CPU = Debug|Any CPU
		Release|Any CPU = Release|Any CPU
	EndGlobalSection
	GlobalSection(ProjectConfigurationPlatforms) = postSolution
		{08EC9E6E-6821-1251-0C13-82838C49A13C}.Debug|Any CPU.ActiveCfg = Debug|Any CPU
		{08EC9E6E-6821-1251-0C13-82838C49A13C}.Debug|Any CPU.Build.0 = Debug|Any CPU
		{08EC9E6E-6821-1251-0C13-82838C49A13C}.Release|Any CPU.ActiveCfg = Release|Any CPU
		{08EC9E6E-6821-1251-0C13-82838C49A13C}.Release|Any CPU.Build.0 = Release|Any CPU
	EndGlobalSection
	GlobalSection(SolutionProperties) = preSolution
		HideSolutionNode = FALSE
	EndGlobalSection
EndGlobal
